
Microsoft Visual Studio Solution File, Format Version 12.00
# Visual Studio Version 16
VisualStudioVersion = 16.0.30711.63
MinimumVisualStudioVersion = 10.0.40219.1
Project("{FAE04EC0-301F-11D3-BF4B-00C04F79EFBC}") = "Malinchi_Alexandra-Bianca_1053D_Proiect", "Malinchi_Alexandra-Bianca_1053D_Proiect.csproj", "{FA1EAFB0-6B5A-4AF4-9B81-5A809B778C36}"
EndProject
Global
	GlobalSection(SolutionConfigurationPlatforms) = preSolution
		Debug|Any CPU = Debug|Any CPU
		Release|Any CPU = Release|Any CPU
	EndGlobalSection
	GlobalSection(ProjectConfigurationPlatforms) = postSolution
		{FA1EAFB0-6B5A-4AF4-9B81-5A809B778C36}.Debug|Any CPU.ActiveCfg = Debug|Any CPU
		{FA1EAFB0-6B5A-4AF4-9B81-5A809B778C36}.Debug|Any CPU.Build.0 = Debug|Any CPU
		{FA1EAFB0-6B5A-4AF4-9B81-5A809B778C36}.Release|Any CPU.ActiveCfg = Release|Any CPU
		{FA1EAFB0-6B5A-4AF4-9B81-5A809B778C36}.Release|Any CPU.Build.0 = Release|Any CPU
	EndGlobalSection
	GlobalSection(SolutionProperties) = preSolution
		HideSolutionNode = FALSE
	EndGlobalSection
	GlobalSection(ExtensibilityGlobals) = postSolution
		SolutionGuid = {97557DBC-70B3-4BF0-BE7D-B81C42CF6818}
	EndGlobalSection
EndGlobal
